{
    "version": 3,
    "terraform_version": "0.11.0",
    "serial": 15,
    "lineage": "93ac72b6-c132-4552-b2e1-c15698be73d8",
    "modules": [
        {
            "path": [
                "root"
            ],
            "outputs": {},
            "resources": {},
            "depends_on": []
        },
        {
            "path": [
                "root",
                "rds"
            ],
            "outputs": {},
            "resources": {
                "aws_db_instance.default": {
                    "type": "aws_db_instance",
                    "depends_on": [],
                    "primary": {
                        "id": "terraform-20180216180212650900000001",
                        "attributes": {
                            "address": "terraform-20180216180212650900000001.cuuutnsao02n.us-east-1.rds.amazonaws.com",
                            "allocated_storage": "20",
                            "arn": "arn:aws:rds:us-east-1:495570029050:db:terraform-20180216180212650900000001",
                            "auto_minor_version_upgrade": "true",
                            "availability_zone": "us-east-1e",
                            "backup_retention_period": "0",
                            "backup_window": "08:12-08:42",
                            "ca_cert_identifier": "rds-ca-2015",
                            "copy_tags_to_snapshot": "false",
                            "db_subnet_group_name": "default",
                            "endpoint": "terraform-20180216180212650900000001.cuuutnsao02n.us-east-1.rds.amazonaws.com:5432",
                            "engine": "postgres",
                            "engine_version": "9.6.5",
                            "hosted_zone_id": "Z2R2ITUGPM61AM",
                            "iam_database_authentication_enabled": "false",
                            "id": "terraform-20180216180212650900000001",
                            "identifier": "terraform-20180216180212650900000001",
                            "instance_class": "db.t2.micro",
                            "iops": "0",
                            "kms_key_id": "",
                            "license_model": "postgresql-license",
                            "maintenance_window": "thu:05:32-thu:06:02",
                            "monitoring_interval": "0",
                            "multi_az": "false",
                            "name": "stagingqareports",
                            "option_group_name": "default:postgres-9-6",
                            "parameter_group_name": "default.postgres9.6",
                            "password": "1kU2BU2jpeUGjKCALq3WLXNXBSQ",
                            "port": "5432",
                            "publicly_accessible": "false",
                            "replicas.#": "0",
                            "replicate_source_db": "",
                            "resource_id": "db-S6CWGRCCYCUGXT24YQSMLNYR6A",
                            "security_group_names.#": "0",
                            "skip_final_snapshot": "false",
                            "status": "available",
                            "storage_encrypted": "false",
                            "storage_type": "standard",
                            "tags.%": "0",
                            "timezone": "",
                            "username": "drue",
                            "vpc_security_group_ids.#": "1",
                            "vpc_security_group_ids.794728889": "sg-cdb714b8"
                        },
                        "meta": {
                            "e2bfb730-ecaa-11e6-8f88-34363bc7c4c0": {
                                "create": 2400000000000,
                                "delete": 2400000000000,
                                "update": 4800000000000
                            }
                        },
                        "tainted": false
                    },
                    "deposed": [],
                    "provider": "provider.aws"
                }
            },
            "depends_on": []
        },
        {
            "path": [
                "root",
                "webservers"
            ],
            "outputs": {},
            "resources": {
                "aws_instance.qa-reports-www": {
                    "type": "aws_instance",
                    "depends_on": [
                        "aws_key_pair.auth",
                        "aws_security_group.qa-reports-ec2-www"
                    ],
                    "primary": {
                        "id": "i-0c882535b406cdf96",
                        "attributes": {
                            "ami": "ami-0b383171",
                            "associate_public_ip_address": "true",
                            "availability_zone": "us-east-1c",
                            "disable_api_termination": "false",
                            "ebs_block_device.#": "0",
                            "ebs_optimized": "false",
                            "ephemeral_block_device.#": "0",
                            "iam_instance_profile": "",
                            "id": "i-0c882535b406cdf96",
                            "instance_state": "running",
                            "instance_type": "t2.micro",
                            "ipv6_addresses.#": "0",
                            "key_name": "qa-reports",
                            "monitoring": "false",
                            "network_interface.#": "0",
                            "network_interface_id": "eni-04459ca8ab0e562e2",
                            "placement_group": "",
                            "primary_network_interface_id": "eni-04459ca8ab0e562e2",
                            "private_dns": "ip-172-31-42-185.ec2.internal",
                            "private_ip": "172.31.42.185",
                            "public_dns": "ec2-52-90-144-7.compute-1.amazonaws.com",
                            "public_ip": "52.90.144.7",
                            "root_block_device.#": "1",
                            "root_block_device.0.delete_on_termination": "true",
                            "root_block_device.0.iops": "100",
                            "root_block_device.0.volume_id": "vol-05c7b89acfc8a311f",
                            "root_block_device.0.volume_size": "8",
                            "root_block_device.0.volume_type": "gp2",
                            "security_groups.#": "1",
                            "security_groups.2415350337": "staging-qa-reports ec2 www",
                            "source_dest_check": "true",
                            "subnet_id": "subnet-85c308d8",
                            "tags.%": "0",
                            "tenancy": "default",
                            "volume_tags.%": "0",
                            "vpc_security_group_ids.#": "1",
                            "vpc_security_group_ids.1178797116": "sg-0fbc4eeafd3a79f46"
                        },
                        "meta": {
                            "e2bfb730-ecaa-11e6-8f88-34363bc7c4c0": {
                                "create": 600000000000,
                                "delete": 600000000000,
                                "update": 600000000000
                            },
                            "schema_version": "1"
                        },
                        "tainted": false
                    },
                    "deposed": [],
                    "provider": "provider.aws"
                },
                "aws_key_pair.auth": {
                    "type": "aws_key_pair",
                    "depends_on": [],
                    "primary": {
                        "id": "qa-reports",
                        "attributes": {
                            "fingerprint": "f0:52:81:7e:7b:0a:50:87:1e:ab:23:b1:99:a5:40:ef",
                            "id": "qa-reports",
                            "key_name": "qa-reports",
                            "public_key": "ssh-rsa AAAAB3NzaC1yc2EAAAADAQABAAABAQCF4mb8LxHFT8MZFr1dnjzGx5LAfsuL9nqo7jSLVoVZUJSPf9eBDNE8TQOqtFl+Nf/b6NewX/MrUNraJnz/Qf0XRjX44gQXkeJ/Ggk/nXvDhRcmSHD+0g1e1SFA6RXqFAyot5vrKclakq+ibTzqRSnvfi4PLKvWICWThILBjBWosP5rM5grVMZWtn7ZYRYslgXO2tR7NnR6RUDnGUb5XDSl4JrH3VQRfk9LqBeILkWUayCSwFWKNOAaPy5qq+RIFRn/JV2jjgJZIhtm0a/8qILuloKBD19aAAV5vIO0V4ihEX/iuBWxI4vBYtVoCctVqPTH5styr2lhFW/IXNVIm55P"
                        },
                        "meta": {
                            "schema_version": "1"
                        },
                        "tainted": false
                    },
                    "deposed": [],
                    "provider": "provider.aws"
                },
                "aws_lb.qa-reports-lb": {
                    "type": "aws_lb",
                    "depends_on": [
                        "aws_security_group.qa-reports-lb-sg"
                    ],
                    "primary": {
                        "id": "arn:aws:elasticloadbalancing:us-east-1:495570029050:loadbalancer/app/staging-qa-reports-lb/7aaba0ca55888c7f",
                        "attributes": {
                            "access_logs.#": "0",
                            "arn": "arn:aws:elasticloadbalancing:us-east-1:495570029050:loadbalancer/app/staging-qa-reports-lb/7aaba0ca55888c7f",
                            "arn_suffix": "app/staging-qa-reports-lb/7aaba0ca55888c7f",
                            "dns_name": "staging-qa-reports-lb-1092994658.us-east-1.elb.amazonaws.com",
                            "enable_deletion_protection": "false",
                            "id": "arn:aws:elasticloadbalancing:us-east-1:495570029050:loadbalancer/app/staging-qa-reports-lb/7aaba0ca55888c7f",
                            "idle_timeout": "60",
                            "internal": "false",
                            "ip_address_type": "ipv4",
                            "load_balancer_type": "application",
                            "name": "staging-qa-reports-lb",
                            "security_groups.#": "1",
                            "security_groups.3152556923": "sg-01748e72225608eba",
                            "subnets.#": "2",
                            "subnets.2604655454": "subnet-85c308d8",
                            "subnets.3736990711": "subnet-e820418c",
                            "tags.%": "0",
                            "vpc_id": "vpc-a13ba9d9",
                            "zone_id": "Z35SXDOTRQ7X7K"
                        },
                        "meta": {
                            "e2bfb730-ecaa-11e6-8f88-34363bc7c4c0": {
                                "create": 600000000000,
                                "delete": 600000000000,
                                "update": 600000000000
                            }
                        },
                        "tainted": false
                    },
                    "deposed": [],
                    "provider": "provider.aws"
                },
                "aws_lb_listener.qa-reports-lb-listener-80": {
                    "type": "aws_lb_listener",
                    "depends_on": [
                        "aws_lb.qa-reports-lb",
                        "aws_lb_target_group.qa-reports-tg"
                    ],
                    "primary": {
                        "id": "arn:aws:elasticloadbalancing:us-east-1:495570029050:listener/app/staging-qa-reports-lb/7aaba0ca55888c7f/60a013f019b60569",
                        "attributes": {
                            "arn": "arn:aws:elasticloadbalancing:us-east-1:495570029050:listener/app/staging-qa-reports-lb/7aaba0ca55888c7f/60a013f019b60569",
                            "default_action.#": "1",
                            "default_action.0.target_group_arn": "arn:aws:elasticloadbalancing:us-east-1:495570029050:targetgroup/staging-qa-reports-tg/13ba41931fb8bf4f",
                            "default_action.0.type": "forward",
                            "id": "arn:aws:elasticloadbalancing:us-east-1:495570029050:listener/app/staging-qa-reports-lb/7aaba0ca55888c7f/60a013f019b60569",
                            "load_balancer_arn": "arn:aws:elasticloadbalancing:us-east-1:495570029050:loadbalancer/app/staging-qa-reports-lb/7aaba0ca55888c7f",
                            "port": "80",
                            "protocol": "HTTP",
                            "ssl_policy": ""
                        },
                        "meta": {},
                        "tainted": false
                    },
                    "deposed": [],
                    "provider": "provider.aws"
                },
                "aws_lb_target_group.qa-reports-tg": {
                    "type": "aws_lb_target_group",
                    "depends_on": [],
                    "primary": {
                        "id": "arn:aws:elasticloadbalancing:us-east-1:495570029050:targetgroup/staging-qa-reports-tg/13ba41931fb8bf4f",
                        "attributes": {
                            "arn": "arn:aws:elasticloadbalancing:us-east-1:495570029050:targetgroup/staging-qa-reports-tg/13ba41931fb8bf4f",
                            "arn_suffix": "targetgroup/staging-qa-reports-tg/13ba41931fb8bf4f",
                            "deregistration_delay": "300",
                            "health_check.#": "1",
                            "health_check.0.healthy_threshold": "5",
                            "health_check.0.interval": "30",
                            "health_check.0.matcher": "200",
                            "health_check.0.path": "/",
                            "health_check.0.port": "traffic-port",
                            "health_check.0.protocol": "HTTP",
                            "health_check.0.timeout": "5",
                            "health_check.0.unhealthy_threshold": "2",
                            "id": "arn:aws:elasticloadbalancing:us-east-1:495570029050:targetgroup/staging-qa-reports-tg/13ba41931fb8bf4f",
                            "name": "staging-qa-reports-tg",
                            "port": "80",
                            "protocol": "HTTP",
                            "stickiness.#": "1",
                            "stickiness.0.cookie_duration": "86400",
                            "stickiness.0.enabled": "false",
                            "stickiness.0.type": "lb_cookie",
                            "tags.%": "0",
                            "target_type": "instance",
                            "vpc_id": "vpc-a13ba9d9"
                        },
                        "meta": {},
                        "tainted": false
                    },
                    "deposed": [],
                    "provider": "provider.aws"
                },
                "aws_lb_target_group_attachment.qa-reports-www-lb": {
                    "type": "aws_lb_target_group_attachment",
                    "depends_on": [
                        "aws_instance.qa-reports-www",
                        "aws_lb_target_group.qa-reports-tg"
                    ],
                    "primary": {
                        "id": "arn:aws:elasticloadbalancing:us-east-1:495570029050:targetgroup/staging-qa-reports-tg/13ba41931fb8bf4f-20180216224403341500000001",
                        "attributes": {
                            "id": "arn:aws:elasticloadbalancing:us-east-1:495570029050:targetgroup/staging-qa-reports-tg/13ba41931fb8bf4f-20180216224403341500000001",
                            "port": "80",
                            "target_group_arn": "arn:aws:elasticloadbalancing:us-east-1:495570029050:targetgroup/staging-qa-reports-tg/13ba41931fb8bf4f",
                            "target_id": "i-0c882535b406cdf96"
                        },
                        "meta": {},
                        "tainted": false
                    },
                    "deposed": [],
                    "provider": "provider.aws"
                },
                "aws_route53_record.qa-reports-lb-dns": {
                    "type": "aws_route53_record",
                    "depends_on": [
                        "aws_lb.qa-reports-lb"
                    ],
                    "primary": {
                        "id": "Z27NRA2FV79C84_staging-qa-reports.ctt.linaro.org_A",
                        "attributes": {
                            "alias.#": "1",
                            "alias.1389536043.evaluate_target_health": "false",
                            "alias.1389536043.name": "staging-qa-reports-lb-1092994658.us-east-1.elb.amazonaws.com",
                            "alias.1389536043.zone_id": "Z35SXDOTRQ7X7K",
                            "fqdn": "staging-qa-reports.ctt.linaro.org",
                            "health_check_id": "",
                            "id": "Z27NRA2FV79C84_staging-qa-reports.ctt.linaro.org_A",
                            "name": "staging-qa-reports.ctt.linaro.org",
                            "records.#": "0",
                            "set_identifier": "",
                            "ttl": "0",
                            "type": "A",
                            "zone_id": "Z27NRA2FV79C84"
                        },
                        "meta": {
                            "schema_version": "2"
                        },
                        "tainted": false
                    },
                    "deposed": [],
                    "provider": "provider.aws"
                },
                "aws_security_group.qa-reports-ec2-www": {
                    "type": "aws_security_group",
                    "depends_on": [],
                    "primary": {
                        "id": "sg-0fbc4eeafd3a79f46",
                        "attributes": {
                            "description": "Default SG for qa-reports webservers",
                            "egress.#": "1",
                            "egress.482069346.cidr_blocks.#": "1",
                            "egress.482069346.cidr_blocks.0": "0.0.0.0/0",
                            "egress.482069346.description": "",
                            "egress.482069346.from_port": "0",
                            "egress.482069346.ipv6_cidr_blocks.#": "0",
                            "egress.482069346.prefix_list_ids.#": "0",
                            "egress.482069346.protocol": "-1",
                            "egress.482069346.security_groups.#": "0",
                            "egress.482069346.self": "false",
                            "egress.482069346.to_port": "0",
                            "id": "sg-0fbc4eeafd3a79f46",
                            "ingress.#": "2",
                            "ingress.2214680975.cidr_blocks.#": "1",
                            "ingress.2214680975.cidr_blocks.0": "0.0.0.0/0",
                            "ingress.2214680975.description": "",
                            "ingress.2214680975.from_port": "80",
                            "ingress.2214680975.ipv6_cidr_blocks.#": "0",
                            "ingress.2214680975.protocol": "tcp",
                            "ingress.2214680975.security_groups.#": "0",
                            "ingress.2214680975.self": "false",
                            "ingress.2214680975.to_port": "80",
                            "ingress.2541437006.cidr_blocks.#": "1",
                            "ingress.2541437006.cidr_blocks.0": "0.0.0.0/0",
                            "ingress.2541437006.description": "",
                            "ingress.2541437006.from_port": "22",
                            "ingress.2541437006.ipv6_cidr_blocks.#": "0",
                            "ingress.2541437006.protocol": "tcp",
                            "ingress.2541437006.security_groups.#": "0",
                            "ingress.2541437006.self": "false",
                            "ingress.2541437006.to_port": "22",
                            "name": "staging-qa-reports ec2 www",
                            "owner_id": "495570029050",
                            "revoke_rules_on_delete": "false",
                            "tags.%": "0",
                            "vpc_id": "vpc-a13ba9d9"
                        },
                        "meta": {
                            "schema_version": "1"
                        },
                        "tainted": false
                    },
                    "deposed": [],
                    "provider": "provider.aws"
                },
                "aws_security_group.qa-reports-lb-sg": {
                    "type": "aws_security_group",
                    "depends_on": [],
                    "primary": {
                        "id": "sg-01748e72225608eba",
                        "attributes": {
                            "description": "Security group for load balancer",
                            "egress.#": "1",
                            "egress.482069346.cidr_blocks.#": "1",
                            "egress.482069346.cidr_blocks.0": "0.0.0.0/0",
                            "egress.482069346.description": "",
                            "egress.482069346.from_port": "0",
                            "egress.482069346.ipv6_cidr_blocks.#": "0",
                            "egress.482069346.prefix_list_ids.#": "0",
                            "egress.482069346.protocol": "-1",
                            "egress.482069346.security_groups.#": "0",
                            "egress.482069346.self": "false",
                            "egress.482069346.to_port": "0",
                            "id": "sg-01748e72225608eba",
                            "ingress.#": "2",
                            "ingress.2214680975.cidr_blocks.#": "1",
                            "ingress.2214680975.cidr_blocks.0": "0.0.0.0/0",
                            "ingress.2214680975.description": "",
                            "ingress.2214680975.from_port": "80",
                            "ingress.2214680975.ipv6_cidr_blocks.#": "0",
                            "ingress.2214680975.protocol": "tcp",
                            "ingress.2214680975.security_groups.#": "0",
                            "ingress.2214680975.self": "false",
                            "ingress.2214680975.to_port": "80",
                            "ingress.2617001939.cidr_blocks.#": "1",
                            "ingress.2617001939.cidr_blocks.0": "0.0.0.0/0",
                            "ingress.2617001939.description": "",
                            "ingress.2617001939.from_port": "443",
                            "ingress.2617001939.ipv6_cidr_blocks.#": "0",
                            "ingress.2617001939.protocol": "tcp",
                            "ingress.2617001939.security_groups.#": "0",
                            "ingress.2617001939.self": "false",
                            "ingress.2617001939.to_port": "443",
                            "name": "staging-qa-reports.linaro.org",
                            "owner_id": "495570029050",
                            "revoke_rules_on_delete": "false",
                            "tags.%": "0",
                            "vpc_id": "vpc-a13ba9d9"
                        },
                        "meta": {
                            "schema_version": "1"
                        },
                        "tainted": false
                    },
                    "deposed": [],
                    "provider": "provider.aws"
                }
            },
            "depends_on": []
        }
    ]
}
