{
    "version": 3,
    "terraform_version": "0.11.0",
    "serial": 4,
    "lineage": "93ac72b6-c132-4552-b2e1-c15698be73d8",
    "modules": [
        {
            "path": [
                "root"
            ],
            "outputs": {},
            "resources": {},
            "depends_on": []
        },
        {
            "path": [
                "root",
                "rds"
            ],
            "outputs": {},
            "resources": {},
            "depends_on": []
        },
        {
            "path": [
                "root",
                "webservers"
            ],
            "outputs": {},
            "resources": {
                "aws_key_pair.auth": {
                    "type": "aws_key_pair",
                    "depends_on": [],
                    "primary": {
                        "id": "qa-reports",
                        "attributes": {
                            "fingerprint": "f0:52:81:7e:7b:0a:50:87:1e:ab:23:b1:99:a5:40:ef",
                            "id": "qa-reports",
                            "key_name": "qa-reports",
                            "public_key": "ssh-rsa AAAAB3NzaC1yc2EAAAADAQABAAABAQCF4mb8LxHFT8MZFr1dnjzGx5LAfsuL9nqo7jSLVoVZUJSPf9eBDNE8TQOqtFl+Nf/b6NewX/MrUNraJnz/Qf0XRjX44gQXkeJ/Ggk/nXvDhRcmSHD+0g1e1SFA6RXqFAyot5vrKclakq+ibTzqRSnvfi4PLKvWICWThILBjBWosP5rM5grVMZWtn7ZYRYslgXO2tR7NnR6RUDnGUb5XDSl4JrH3VQRfk9LqBeILkWUayCSwFWKNOAaPy5qq+RIFRn/JV2jjgJZIhtm0a/8qILuloKBD19aAAV5vIO0V4ihEX/iuBWxI4vBYtVoCctVqPTH5styr2lhFW/IXNVIm55P"
                        },
                        "meta": {
                            "schema_version": "1"
                        },
                        "tainted": false
                    },
                    "deposed": [],
                    "provider": "provider.aws"
                },
                "aws_lb.qa-reports-lb": {
                    "type": "aws_lb",
                    "depends_on": [
                        "aws_security_group.qa-reports-lb"
                    ],
                    "primary": {
                        "id": "arn:aws:elasticloadbalancing:us-east-1:495570029050:loadbalancer/app/staging-qa-reports-lb/cc11a2e67ac3d9eb",
                        "attributes": {
                            "access_logs.#": "0",
                            "arn": "arn:aws:elasticloadbalancing:us-east-1:495570029050:loadbalancer/app/staging-qa-reports-lb/cc11a2e67ac3d9eb",
                            "arn_suffix": "app/staging-qa-reports-lb/cc11a2e67ac3d9eb",
                            "dns_name": "staging-qa-reports-lb-1705331568.us-east-1.elb.amazonaws.com",
                            "enable_deletion_protection": "false",
                            "id": "arn:aws:elasticloadbalancing:us-east-1:495570029050:loadbalancer/app/staging-qa-reports-lb/cc11a2e67ac3d9eb",
                            "idle_timeout": "60",
                            "internal": "false",
                            "ip_address_type": "ipv4",
                            "load_balancer_type": "application",
                            "name": "staging-qa-reports-lb",
                            "security_groups.#": "1",
                            "security_groups.4147937357": "sg-1da2e86a",
                            "subnets.#": "2",
                            "subnets.2604655454": "subnet-85c308d8",
                            "subnets.3736990711": "subnet-e820418c",
                            "tags.%": "0",
                            "vpc_id": "vpc-a13ba9d9",
                            "zone_id": "Z35SXDOTRQ7X7K"
                        },
                        "meta": {
                            "e2bfb730-ecaa-11e6-8f88-34363bc7c4c0": {
                                "create": 600000000000,
                                "delete": 600000000000,
                                "update": 600000000000
                            }
                        },
                        "tainted": false
                    },
                    "deposed": [],
                    "provider": "provider.aws"
                },
                "aws_security_group.qa-reports-ec2": {
                    "type": "aws_security_group",
                    "depends_on": [],
                    "primary": {
                        "id": "sg-bda2e8ca",
                        "attributes": {
                            "description": "Default SG for qa-reports webservers",
                            "egress.#": "1",
                            "egress.482069346.cidr_blocks.#": "1",
                            "egress.482069346.cidr_blocks.0": "0.0.0.0/0",
                            "egress.482069346.description": "",
                            "egress.482069346.from_port": "0",
                            "egress.482069346.ipv6_cidr_blocks.#": "0",
                            "egress.482069346.prefix_list_ids.#": "0",
                            "egress.482069346.protocol": "-1",
                            "egress.482069346.security_groups.#": "0",
                            "egress.482069346.self": "false",
                            "egress.482069346.to_port": "0",
                            "id": "sg-bda2e8ca",
                            "ingress.#": "1",
                            "ingress.2541437006.cidr_blocks.#": "1",
                            "ingress.2541437006.cidr_blocks.0": "0.0.0.0/0",
                            "ingress.2541437006.description": "",
                            "ingress.2541437006.from_port": "22",
                            "ingress.2541437006.ipv6_cidr_blocks.#": "0",
                            "ingress.2541437006.protocol": "tcp",
                            "ingress.2541437006.security_groups.#": "0",
                            "ingress.2541437006.self": "false",
                            "ingress.2541437006.to_port": "22",
                            "name": "staging-qa-reports ec2 default",
                            "owner_id": "495570029050",
                            "revoke_rules_on_delete": "false",
                            "tags.%": "0",
                            "vpc_id": "vpc-a13ba9d9"
                        },
                        "meta": {
                            "schema_version": "1"
                        },
                        "tainted": false
                    },
                    "deposed": [],
                    "provider": "provider.aws"
                },
                "aws_security_group.qa-reports-lb": {
                    "type": "aws_security_group",
                    "depends_on": [],
                    "primary": {
                        "id": "sg-1da2e86a",
                        "attributes": {
                            "description": "SG between ELB and web servers",
                            "egress.#": "1",
                            "egress.482069346.cidr_blocks.#": "1",
                            "egress.482069346.cidr_blocks.0": "0.0.0.0/0",
                            "egress.482069346.description": "",
                            "egress.482069346.from_port": "0",
                            "egress.482069346.ipv6_cidr_blocks.#": "0",
                            "egress.482069346.prefix_list_ids.#": "0",
                            "egress.482069346.protocol": "-1",
                            "egress.482069346.security_groups.#": "0",
                            "egress.482069346.self": "false",
                            "egress.482069346.to_port": "0",
                            "id": "sg-1da2e86a",
                            "ingress.#": "2",
                            "ingress.2214680975.cidr_blocks.#": "1",
                            "ingress.2214680975.cidr_blocks.0": "0.0.0.0/0",
                            "ingress.2214680975.description": "",
                            "ingress.2214680975.from_port": "80",
                            "ingress.2214680975.ipv6_cidr_blocks.#": "0",
                            "ingress.2214680975.protocol": "tcp",
                            "ingress.2214680975.security_groups.#": "0",
                            "ingress.2214680975.self": "false",
                            "ingress.2214680975.to_port": "80",
                            "ingress.2617001939.cidr_blocks.#": "1",
                            "ingress.2617001939.cidr_blocks.0": "0.0.0.0/0",
                            "ingress.2617001939.description": "",
                            "ingress.2617001939.from_port": "443",
                            "ingress.2617001939.ipv6_cidr_blocks.#": "0",
                            "ingress.2617001939.protocol": "tcp",
                            "ingress.2617001939.security_groups.#": "0",
                            "ingress.2617001939.self": "false",
                            "ingress.2617001939.to_port": "443",
                            "name": "staging-qa-reports.linaro.org",
                            "owner_id": "495570029050",
                            "revoke_rules_on_delete": "false",
                            "tags.%": "0",
                            "vpc_id": "vpc-a13ba9d9"
                        },
                        "meta": {
                            "schema_version": "1"
                        },
                        "tainted": false
                    },
                    "deposed": [],
                    "provider": "provider.aws"
                }
            },
            "depends_on": []
        }
    ]
}
